// !$*UTF8*$!
{
	archiveVersion = 1;
	classes = {
	};
	objectVersion = 46;
	objects = {

/* Begin PBXBuildFile section */
		EFBAF85F1ACC934C00ACD2C7 /* BLE.m in Sources */ = {isa = PBXBuildFile; fileRef = EFBAF85D1ACC934C00ACD2C7 /* BLE.m */; };
		EFBAF8621ACC936900ACD2C7 /* CoreBluetooth.framework in Frameworks */ = {isa = PBXBuildFile; fileRef = EFBAF8611ACC936900ACD2C7 /* CoreBluetooth.framework */; };
		EFCC8C6D1AC8898100175FA5 /* main.m in Sources */ = {isa = PBXBuildFile; fileRef = EFCC8C6C1AC8898100175FA5 /* main.m */; };
		EFCC8C701AC8898100175FA5 /* AppDelegate.m in Sources */ = {isa = PBXBuildFile; fileRef = EFCC8C6F1AC8898100175FA5 /* AppDelegate.m */; };
		EFCC8C731AC8898100175FA5 /* ViewController.mm in Sources */ = {isa = PBXBuildFile; fileRef = EFCC8C721AC8898100175FA5 /* ViewController.mm */; };
		EFCC8C761AC8898100175FA5 /* Main.storyboard in Resources */ = {isa = PBXBuildFile; fileRef = EFCC8C741AC8898100175FA5 /* Main.storyboard */; };
		EFCC8C781AC8898100175FA5 /* Images.xcassets in Resources */ = {isa = PBXBuildFile; fileRef = EFCC8C771AC8898100175FA5 /* Images.xcassets */; };
		EFCC8C7B1AC8898100175FA5 /* LaunchScreen.xib in Resources */ = {isa = PBXBuildFile; fileRef = EFCC8C791AC8898100175FA5 /* LaunchScreen.xib */; };
		EFCC8C871AC8898200175FA5 /* LightMusicTests.m in Sources */ = {isa = PBXBuildFile; fileRef = EFCC8C861AC8898200175FA5 /* LightMusicTests.m */; };
		EFCC8CA01AC8AB2200175FA5 /* satisfaction.mp3 in Resources */ = {isa = PBXBuildFile; fileRef = EFCC8C9F1AC8AB2200175FA5 /* satisfaction.mp3 */; };
		EFCC8CA21AC8AC9800175FA5 /* UIKit.framework in Frameworks */ = {isa = PBXBuildFile; fileRef = EFCC8CA11AC8AC9800175FA5 /* UIKit.framework */; };
		EFCC8CA41AC8AC9E00175FA5 /* Foundation.framework in Frameworks */ = {isa = PBXBuildFile; fileRef = EFCC8CA31AC8AC9E00175FA5 /* Foundation.framework */; };
		EFCC8CAD1AC8ACC100175FA5 /* AudioFileReader.mm in Sources */ = {isa = PBXBuildFile; fileRef = EFCC8CA61AC8ACC100175FA5 /* AudioFileReader.mm */; settings = {COMPILER_FLAGS = "-fno-objc-arc"; }; };
		EFCC8CAE1AC8ACC100175FA5 /* AudioFileWriter.m in Sources */ = {isa = PBXBuildFile; fileRef = EFCC8CA81AC8ACC100175FA5 /* AudioFileWriter.m */; settings = {COMPILER_FLAGS = "-fno-objc-arc"; }; };
		EFCC8CAF1AC8ACC100175FA5 /* Novocaine.m in Sources */ = {isa = PBXBuildFile; fileRef = EFCC8CAA1AC8ACC100175FA5 /* Novocaine.m */; settings = {COMPILER_FLAGS = "-fno-objc-arc"; }; };
		EFCC8CB01AC8ACC100175FA5 /* RingBuffer.mm in Sources */ = {isa = PBXBuildFile; fileRef = EFCC8CAC1AC8ACC100175FA5 /* RingBuffer.mm */; settings = {COMPILER_FLAGS = "-fno-objc-arc"; }; };
		EFF26C7E1AC8B4BE008182BB /* MediaPlayer.framework in Frameworks */ = {isa = PBXBuildFile; fileRef = EFCC8C901AC8A5AB00175FA5 /* MediaPlayer.framework */; };
		EFF26C861AC8C53C008182BB /* Freeze Frame.mp3 in Resources */ = {isa = PBXBuildFile; fileRef = EFF26C7F1AC8C53C008182BB /* Freeze Frame.mp3 */; };
		EFF26C871AC8C53C008182BB /* Seasons of Love.mp3 in Resources */ = {isa = PBXBuildFile; fileRef = EFF26C801AC8C53C008182BB /* Seasons of Love.mp3 */; };
		EFF26C881AC8C53C008182BB /* All About That Bass.mp3 in Resources */ = {isa = PBXBuildFile; fileRef = EFF26C811AC8C53C008182BB /* All About That Bass.mp3 */; };
		EFF26C891AC8C53C008182BB /* Sweet Caroline.mp3 in Resources */ = {isa = PBXBuildFile; fileRef = EFF26C821AC8C53C008182BB /* Sweet Caroline.mp3 */; };
		EFF26C8B1AC8C53C008182BB /* Keep Holding On.mp3 in Resources */ = {isa = PBXBuildFile; fileRef = EFF26C841AC8C53C008182BB /* Keep Holding On.mp3 */; };
		EFF26C8C1AC8C53C008182BB /* Uptown Funk.mp3 in Resources */ = {isa = PBXBuildFile; fileRef = EFF26C851AC8C53C008182BB /* Uptown Funk.mp3 */; };
		EFF26C8E1AC8C940008182BB /* Jump.mp3 in Resources */ = {isa = PBXBuildFile; fileRef = EFF26C8D1AC8C940008182BB /* Jump.mp3 */; };
		EFF26C911AC8D103008182BB /* SongModel.m in Sources */ = {isa = PBXBuildFile; fileRef = EFF26C901AC8D103008182BB /* SongModel.m */; };
/* End PBXBuildFile section */

/* Begin PBXContainerItemProxy section */
		EFCC8C811AC8898100175FA5 /* PBXContainerItemProxy */ = {
			isa = PBXContainerItemProxy;
			containerPortal = EFCC8C5F1AC8898100175FA5 /* Project object */;
			proxyType = 1;
			remoteGlobalIDString = EFCC8C661AC8898100175FA5;
			remoteInfo = LightMusic;
		};
/* End PBXContainerItemProxy section */

/* Begin PBXFileReference section */
		EFBAF85C1ACC934C00ACD2C7 /* BLE.h */ = {isa = PBXFileReference; fileEncoding = 4; lastKnownFileType = sourcecode.c.h; path = BLE.h; sourceTree = "<group>"; };
		EFBAF85D1ACC934C00ACD2C7 /* BLE.m */ = {isa = PBXFileReference; fileEncoding = 4; lastKnownFileType = sourcecode.c.objc; path = BLE.m; sourceTree = "<group>"; };
		EFBAF85E1ACC934C00ACD2C7 /* BLEDefines.h */ = {isa = PBXFileReference; fileEncoding = 4; lastKnownFileType = sourcecode.c.h; path = BLEDefines.h; sourceTree = "<group>"; };
		EFBAF8611ACC936900ACD2C7 /* CoreBluetooth.framework */ = {isa = PBXFileReference; lastKnownFileType = wrapper.framework; name = CoreBluetooth.framework; path = System/Library/Frameworks/CoreBluetooth.framework; sourceTree = SDKROOT; };
		EFCC8C671AC8898100175FA5 /* LightMusic.app */ = {isa = PBXFileReference; explicitFileType = wrapper.application; includeInIndex = 0; path = LightMusic.app; sourceTree = BUILT_PRODUCTS_DIR; };
		EFCC8C6B1AC8898100175FA5 /* Info.plist */ = {isa = PBXFileReference; lastKnownFileType = text.plist.xml; path = Info.plist; sourceTree = "<group>"; };
		EFCC8C6C1AC8898100175FA5 /* main.m */ = {isa = PBXFileReference; lastKnownFileType = sourcecode.c.objc; path = main.m; sourceTree = "<group>"; };
		EFCC8C6E1AC8898100175FA5 /* AppDelegate.h */ = {isa = PBXFileReference; lastKnownFileType = sourcecode.c.h; path = AppDelegate.h; sourceTree = "<group>"; };
		EFCC8C6F1AC8898100175FA5 /* AppDelegate.m */ = {isa = PBXFileReference; lastKnownFileType = sourcecode.c.objc; path = AppDelegate.m; sourceTree = "<group>"; };
		EFCC8C711AC8898100175FA5 /* ViewController.h */ = {isa = PBXFileReference; lastKnownFileType = sourcecode.c.h; path = ViewController.h; sourceTree = "<group>"; };
		EFCC8C721AC8898100175FA5 /* ViewController.mm */ = {isa = PBXFileReference; lastKnownFileType = sourcecode.cpp.objcpp; path = ViewController.mm; sourceTree = "<group>"; };
		EFCC8C751AC8898100175FA5 /* Base */ = {isa = PBXFileReference; lastKnownFileType = file.storyboard; name = Base; path = Base.lproj/Main.storyboard; sourceTree = "<group>"; };
		EFCC8C771AC8898100175FA5 /* Images.xcassets */ = {isa = PBXFileReference; lastKnownFileType = folder.assetcatalog; path = Images.xcassets; sourceTree = "<group>"; };
		EFCC8C7A1AC8898100175FA5 /* Base */ = {isa = PBXFileReference; lastKnownFileType = file.xib; name = Base; path = Base.lproj/LaunchScreen.xib; sourceTree = "<group>"; };
		EFCC8C801AC8898100175FA5 /* LightMusicTests.xctest */ = {isa = PBXFileReference; explicitFileType = wrapper.cfbundle; includeInIndex = 0; path = LightMusicTests.xctest; sourceTree = BUILT_PRODUCTS_DIR; };
		EFCC8C851AC8898200175FA5 /* Info.plist */ = {isa = PBXFileReference; lastKnownFileType = text.plist.xml; path = Info.plist; sourceTree = "<group>"; };
		EFCC8C861AC8898200175FA5 /* LightMusicTests.m */ = {isa = PBXFileReference; lastKnownFileType = sourcecode.c.objc; path = LightMusicTests.m; sourceTree = "<group>"; };
		EFCC8C901AC8A5AB00175FA5 /* MediaPlayer.framework */ = {isa = PBXFileReference; lastKnownFileType = wrapper.framework; name = MediaPlayer.framework; path = System/Library/Frameworks/MediaPlayer.framework; sourceTree = SDKROOT; };
		EFCC8C9F1AC8AB2200175FA5 /* satisfaction.mp3 */ = {isa = PBXFileReference; lastKnownFileType = audio.mp3; path = satisfaction.mp3; sourceTree = "<group>"; };
		EFCC8CA11AC8AC9800175FA5 /* UIKit.framework */ = {isa = PBXFileReference; lastKnownFileType = wrapper.framework; name = UIKit.framework; path = System/Library/Frameworks/UIKit.framework; sourceTree = SDKROOT; };
		EFCC8CA31AC8AC9E00175FA5 /* Foundation.framework */ = {isa = PBXFileReference; lastKnownFileType = wrapper.framework; name = Foundation.framework; path = System/Library/Frameworks/Foundation.framework; sourceTree = SDKROOT; };
		EFCC8CA51AC8ACC100175FA5 /* AudioFileReader.h */ = {isa = PBXFileReference; fileEncoding = 4; lastKnownFileType = sourcecode.c.h; path = AudioFileReader.h; sourceTree = "<group>"; };
		EFCC8CA61AC8ACC100175FA5 /* AudioFileReader.mm */ = {isa = PBXFileReference; fileEncoding = 4; lastKnownFileType = sourcecode.cpp.objcpp; path = AudioFileReader.mm; sourceTree = "<group>"; };
		EFCC8CA71AC8ACC100175FA5 /* AudioFileWriter.h */ = {isa = PBXFileReference; fileEncoding = 4; lastKnownFileType = sourcecode.c.h; path = AudioFileWriter.h; sourceTree = "<group>"; };
		EFCC8CA81AC8ACC100175FA5 /* AudioFileWriter.m */ = {isa = PBXFileReference; fileEncoding = 4; lastKnownFileType = sourcecode.c.objc; path = AudioFileWriter.m; sourceTree = "<group>"; };
		EFCC8CA91AC8ACC100175FA5 /* Novocaine.h */ = {isa = PBXFileReference; fileEncoding = 4; lastKnownFileType = sourcecode.c.h; path = Novocaine.h; sourceTree = "<group>"; };
		EFCC8CAA1AC8ACC100175FA5 /* Novocaine.m */ = {isa = PBXFileReference; fileEncoding = 4; lastKnownFileType = sourcecode.c.objc; path = Novocaine.m; sourceTree = "<group>"; };
		EFCC8CAB1AC8ACC100175FA5 /* RingBuffer.h */ = {isa = PBXFileReference; fileEncoding = 4; lastKnownFileType = sourcecode.c.h; path = RingBuffer.h; sourceTree = "<group>"; };
		EFCC8CAC1AC8ACC100175FA5 /* RingBuffer.mm */ = {isa = PBXFileReference; fileEncoding = 4; lastKnownFileType = sourcecode.cpp.objcpp; path = RingBuffer.mm; sourceTree = "<group>"; };
		EFF26C7F1AC8C53C008182BB /* Freeze Frame.mp3 */ = {isa = PBXFileReference; lastKnownFileType = audio.mp3; path = "Freeze Frame.mp3"; sourceTree = "<group>"; };
		EFF26C801AC8C53C008182BB /* Seasons of Love.mp3 */ = {isa = PBXFileReference; lastKnownFileType = audio.mp3; path = "Seasons of Love.mp3"; sourceTree = "<group>"; };
		EFF26C811AC8C53C008182BB /* All About That Bass.mp3 */ = {isa = PBXFileReference; lastKnownFileType = audio.mp3; path = "All About That Bass.mp3"; sourceTree = "<group>"; };
		EFF26C821AC8C53C008182BB /* Sweet Caroline.mp3 */ = {isa = PBXFileReference; lastKnownFileType = audio.mp3; path = "Sweet Caroline.mp3"; sourceTree = "<group>"; };
		EFF26C841AC8C53C008182BB /* Keep Holding On.mp3 */ = {isa = PBXFileReference; lastKnownFileType = audio.mp3; path = "Keep Holding On.mp3"; sourceTree = "<group>"; };
		EFF26C851AC8C53C008182BB /* Uptown Funk.mp3 */ = {isa = PBXFileReference; lastKnownFileType = audio.mp3; path = "Uptown Funk.mp3"; sourceTree = "<group>"; };
		EFF26C8D1AC8C940008182BB /* Jump.mp3 */ = {isa = PBXFileReference; lastKnownFileType = audio.mp3; path = Jump.mp3; sourceTree = "<group>"; };
		EFF26C8F1AC8D103008182BB /* SongModel.h */ = {isa = PBXFileReference; fileEncoding = 4; lastKnownFileType = sourcecode.c.h; path = SongModel.h; sourceTree = "<group>"; };
		EFF26C901AC8D103008182BB /* SongModel.m */ = {isa = PBXFileReference; fileEncoding = 4; lastKnownFileType = sourcecode.c.objc; path = SongModel.m; sourceTree = "<group>"; };
/* End PBXFileReference section */

/* Begin PBXFrameworksBuildPhase section */
		EFCC8C641AC8898100175FA5 /* Frameworks */ = {
			isa = PBXFrameworksBuildPhase;
			buildActionMask = 2147483647;
			files = (
				EFBAF8621ACC936900ACD2C7 /* CoreBluetooth.framework in Frameworks */,
				EFF26C7E1AC8B4BE008182BB /* MediaPlayer.framework in Frameworks */,
				EFCC8CA41AC8AC9E00175FA5 /* Foundation.framework in Frameworks */,
				EFCC8CA21AC8AC9800175FA5 /* UIKit.framework in Frameworks */,
			);
			runOnlyForDeploymentPostprocessing = 0;
		};
		EFCC8C7D1AC8898100175FA5 /* Frameworks */ = {
			isa = PBXFrameworksBuildPhase;
			buildActionMask = 2147483647;
			files = (
			);
			runOnlyForDeploymentPostprocessing = 0;
		};
/* End PBXFrameworksBuildPhase section */

/* Begin PBXGroup section */
		EFBAF8601ACC935100ACD2C7 /* BLE */ = {
			isa = PBXGroup;
			children = (
				EFBAF85C1ACC934C00ACD2C7 /* BLE.h */,
				EFBAF85D1ACC934C00ACD2C7 /* BLE.m */,
				EFBAF85E1ACC934C00ACD2C7 /* BLEDefines.h */,
			);
			name = BLE;
			sourceTree = "<group>";
		};
		EFCC8C5E1AC8898100175FA5 = {
			isa = PBXGroup;
			children = (
				EFBAF8611ACC936900ACD2C7 /* CoreBluetooth.framework */,
				EFBAF8601ACC935100ACD2C7 /* BLE */,
				EFCC8CA31AC8AC9E00175FA5 /* Foundation.framework */,
				EFCC8CA11AC8AC9800175FA5 /* UIKit.framework */,
				EFCC8C9E1AC8A83B00175FA5 /* Novocaine */,
				EFCC8C901AC8A5AB00175FA5 /* MediaPlayer.framework */,
				EFCC8C691AC8898100175FA5 /* LightMusic */,
				EFCC8C831AC8898200175FA5 /* LightMusicTests */,
				EFCC8C681AC8898100175FA5 /* Products */,
			);
			sourceTree = "<group>";
		};
		EFCC8C681AC8898100175FA5 /* Products */ = {
			isa = PBXGroup;
			children = (
				EFCC8C671AC8898100175FA5 /* LightMusic.app */,
				EFCC8C801AC8898100175FA5 /* LightMusicTests.xctest */,
			);
			name = Products;
			sourceTree = "<group>";
		};
		EFCC8C691AC8898100175FA5 /* LightMusic */ = {
			isa = PBXGroup;
			children = (
				EFCC8C6E1AC8898100175FA5 /* AppDelegate.h */,
				EFCC8C6F1AC8898100175FA5 /* AppDelegate.m */,
				EFCC8C711AC8898100175FA5 /* ViewController.h */,
				EFCC8C721AC8898100175FA5 /* ViewController.mm */,
				EFF26C8F1AC8D103008182BB /* SongModel.h */,
				EFF26C901AC8D103008182BB /* SongModel.m */,
				EFCC8C741AC8898100175FA5 /* Main.storyboard */,
				EFCC8C771AC8898100175FA5 /* Images.xcassets */,
				EFCC8C791AC8898100175FA5 /* LaunchScreen.xib */,
				EFCC8C6A1AC8898100175FA5 /* Supporting Files */,
			);
			path = LightMusic;
			sourceTree = "<group>";
		};
		EFCC8C6A1AC8898100175FA5 /* Supporting Files */ = {
			isa = PBXGroup;
			children = (
				EFF26C8D1AC8C940008182BB /* Jump.mp3 */,
				EFF26C7F1AC8C53C008182BB /* Freeze Frame.mp3 */,
				EFF26C801AC8C53C008182BB /* Seasons of Love.mp3 */,
				EFF26C811AC8C53C008182BB /* All About That Bass.mp3 */,
				EFF26C821AC8C53C008182BB /* Sweet Caroline.mp3 */,
				EFF26C841AC8C53C008182BB /* Keep Holding On.mp3 */,
				EFF26C851AC8C53C008182BB /* Uptown Funk.mp3 */,
				EFCC8C9F1AC8AB2200175FA5 /* satisfaction.mp3 */,
				EFCC8C6B1AC8898100175FA5 /* Info.plist */,
				EFCC8C6C1AC8898100175FA5 /* main.m */,
			);
			name = "Supporting Files";
			sourceTree = "<group>";
		};
		EFCC8C831AC8898200175FA5 /* LightMusicTests */ = {
			isa = PBXGroup;
			children = (
				EFCC8C861AC8898200175FA5 /* LightMusicTests.m */,
				EFCC8C841AC8898200175FA5 /* Supporting Files */,
			);
			path = LightMusicTests;
			sourceTree = "<group>";
		};
		EFCC8C841AC8898200175FA5 /* Supporting Files */ = {
			isa = PBXGroup;
			children = (
				EFCC8C851AC8898200175FA5 /* Info.plist */,
			);
			name = "Supporting Files";
			sourceTree = "<group>";
		};
		EFCC8C9E1AC8A83B00175FA5 /* Novocaine */ = {
			isa = PBXGroup;
			children = (
				EFCC8CA51AC8ACC100175FA5 /* AudioFileReader.h */,
				EFCC8CA61AC8ACC100175FA5 /* AudioFileReader.mm */,
				EFCC8CA71AC8ACC100175FA5 /* AudioFileWriter.h */,
				EFCC8CA81AC8ACC100175FA5 /* AudioFileWriter.m */,
				EFCC8CA91AC8ACC100175FA5 /* Novocaine.h */,
				EFCC8CAA1AC8ACC100175FA5 /* Novocaine.m */,
				EFCC8CAB1AC8ACC100175FA5 /* RingBuffer.h */,
				EFCC8CAC1AC8ACC100175FA5 /* RingBuffer.mm */,
			);
			name = Novocaine;
			sourceTree = "<group>";
		};
/* End PBXGroup section */

/* Begin PBXNativeTarget section */
		EFCC8C661AC8898100175FA5 /* LightMusic */ = {
			isa = PBXNativeTarget;
			buildConfigurationList = EFCC8C8A1AC8898200175FA5 /* Build configuration list for PBXNativeTarget "LightMusic" */;
			buildPhases = (
				EFCC8C631AC8898100175FA5 /* Sources */,
				EFCC8C641AC8898100175FA5 /* Frameworks */,
				EFCC8C651AC8898100175FA5 /* Resources */,
			);
			buildRules = (
			);
			dependencies = (
			);
			name = LightMusic;
			productName = LightMusic;
			productReference = EFCC8C671AC8898100175FA5 /* LightMusic.app */;
			productType = "com.apple.product-type.application";
		};
		EFCC8C7F1AC8898100175FA5 /* LightMusicTests */ = {
			isa = PBXNativeTarget;
			buildConfigurationList = EFCC8C8D1AC8898200175FA5 /* Build configuration list for PBXNativeTarget "LightMusicTests" */;
			buildPhases = (
				EFCC8C7C1AC8898100175FA5 /* Sources */,
				EFCC8C7D1AC8898100175FA5 /* Frameworks */,
				EFCC8C7E1AC8898100175FA5 /* Resources */,
			);
			buildRules = (
			);
			dependencies = (
				EFCC8C821AC8898100175FA5 /* PBXTargetDependency */,
			);
			name = LightMusicTests;
			productName = LightMusicTests;
			productReference = EFCC8C801AC8898100175FA5 /* LightMusicTests.xctest */;
			productType = "com.apple.product-type.bundle.unit-test";
		};
/* End PBXNativeTarget section */

/* Begin PBXProject section */
		EFCC8C5F1AC8898100175FA5 /* Project object */ = {
			isa = PBXProject;
			attributes = {
				LastUpgradeCheck = 0710;
				ORGANIZATIONNAME = SMU;
				TargetAttributes = {
					EFCC8C661AC8898100175FA5 = {
						CreatedOnToolsVersion = 6.1.1;
					};
					EFCC8C7F1AC8898100175FA5 = {
						CreatedOnToolsVersion = 6.1.1;
						TestTargetID = EFCC8C661AC8898100175FA5;
					};
				};
			};
			buildConfigurationList = EFCC8C621AC8898100175FA5 /* Build configuration list for PBXProject "LightMusic" */;
			compatibilityVersion = "Xcode 3.2";
			developmentRegion = English;
			hasScannedForEncodings = 0;
			knownRegions = (
				en,
				Base,
			);
			mainGroup = EFCC8C5E1AC8898100175FA5;
			productRefGroup = EFCC8C681AC8898100175FA5 /* Products */;
			projectDirPath = "";
			projectRoot = "";
			targets = (
				EFCC8C661AC8898100175FA5 /* LightMusic */,
				EFCC8C7F1AC8898100175FA5 /* LightMusicTests */,
			);
		};
/* End PBXProject section */

/* Begin PBXResourcesBuildPhase section */
		EFCC8C651AC8898100175FA5 /* Resources */ = {
			isa = PBXResourcesBuildPhase;
			buildActionMask = 2147483647;
			files = (
				EFF26C8B1AC8C53C008182BB /* Keep Holding On.mp3 in Resources */,
				EFF26C871AC8C53C008182BB /* Seasons of Love.mp3 in Resources */,
				EFF26C8C1AC8C53C008182BB /* Uptown Funk.mp3 in Resources */,
				EFCC8C761AC8898100175FA5 /* Main.storyboard in Resources */,
				EFCC8C7B1AC8898100175FA5 /* LaunchScreen.xib in Resources */,
				EFF26C8E1AC8C940008182BB /* Jump.mp3 in Resources */,
				EFCC8CA01AC8AB2200175FA5 /* satisfaction.mp3 in Resources */,
				EFCC8C781AC8898100175FA5 /* Images.xcassets in Resources */,
				EFF26C891AC8C53C008182BB /* Sweet Caroline.mp3 in Resources */,
				EFF26C881AC8C53C008182BB /* All About That Bass.mp3 in Resources */,
				EFF26C861AC8C53C008182BB /* Freeze Frame.mp3 in Resources */,
			);
			runOnlyForDeploymentPostprocessing = 0;
		};
		EFCC8C7E1AC8898100175FA5 /* Resources */ = {
			isa = PBXResourcesBuildPhase;
			buildActionMask = 2147483647;
			files = (
			);
			runOnlyForDeploymentPostprocessing = 0;
		};
/* End PBXResourcesBuildPhase section */

/* Begin PBXSourcesBuildPhase section */
		EFCC8C631AC8898100175FA5 /* Sources */ = {
			isa = PBXSourcesBuildPhase;
			buildActionMask = 2147483647;
			files = (
				EFCC8C731AC8898100175FA5 /* ViewController.mm in Sources */,
				EFCC8C701AC8898100175FA5 /* AppDelegate.m in Sources */,
				EFCC8CAF1AC8ACC100175FA5 /* Novocaine.m in Sources */,
				EFBAF85F1ACC934C00ACD2C7 /* BLE.m in Sources */,
				EFCC8CB01AC8ACC100175FA5 /* RingBuffer.mm in Sources */,
				EFCC8CAE1AC8ACC100175FA5 /* AudioFileWriter.m in Sources */,
				EFCC8C6D1AC8898100175FA5 /* main.m in Sources */,
				EFF26C911AC8D103008182BB /* SongModel.m in Sources */,
				EFCC8CAD1AC8ACC100175FA5 /* AudioFileReader.mm in Sources */,
			);
			runOnlyForDeploymentPostprocessing = 0;
		};
		EFCC8C7C1AC8898100175FA5 /* Sources */ = {
			isa = PBXSourcesBuildPhase;
			buildActionMask = 2147483647;
			files = (
				EFCC8C871AC8898200175FA5 /* LightMusicTests.m in Sources */,
			);
			runOnlyForDeploymentPostprocessing = 0;
		};
/* End PBXSourcesBuildPhase section */

/* Begin PBXTargetDependency section */
		EFCC8C821AC8898100175FA5 /* PBXTargetDependency */ = {
			isa = PBXTargetDependency;
			target = EFCC8C661AC8898100175FA5 /* LightMusic */;
			targetProxy = EFCC8C811AC8898100175FA5 /* PBXContainerItemProxy */;
		};
/* End PBXTargetDependency section */

/* Begin PBXVariantGroup section */
		EFCC8C741AC8898100175FA5 /* Main.storyboard */ = {
			isa = PBXVariantGroup;
			children = (
				EFCC8C751AC8898100175FA5 /* Base */,
			);
			name = Main.storyboard;
			sourceTree = "<group>";
		};
		EFCC8C791AC8898100175FA5 /* LaunchScreen.xib */ = {
			isa = PBXVariantGroup;
			children = (
				EFCC8C7A1AC8898100175FA5 /* Base */,
			);
			name = LaunchScreen.xib;
			sourceTree = "<group>";
		};
/* End PBXVariantGroup section */

/* Begin XCBuildConfiguration section */
		EFCC8C881AC8898200175FA5 /* Debug */ = {
			isa = XCBuildConfiguration;
			buildSettings = {
				ALWAYS_SEARCH_USER_PATHS = NO;
				CLANG_CXX_LANGUAGE_STANDARD = "gnu++0x";
				CLANG_CXX_LIBRARY = "libc++";
				CLANG_ENABLE_MODULES = YES;
				CLANG_ENABLE_OBJC_ARC = YES;
				CLANG_WARN_BOOL_CONVERSION = YES;
				CLANG_WARN_CONSTANT_CONVERSION = YES;
				CLANG_WARN_DIRECT_OBJC_ISA_USAGE = YES_ERROR;
				CLANG_WARN_EMPTY_BODY = YES;
				CLANG_WARN_ENUM_CONVERSION = YES;
				CLANG_WARN_INT_CONVERSION = YES;
				CLANG_WARN_OBJC_ROOT_CLASS = YES_ERROR;
				CLANG_WARN_UNREACHABLE_CODE = YES;
				CLANG_WARN__DUPLICATE_METHOD_MATCH = YES;
				"CODE_SIGN_IDENTITY[sdk=iphoneos*]" = "iPhone Developer";
				COPY_PHASE_STRIP = NO;
				ENABLE_STRICT_OBJC_MSGSEND = YES;
				ENABLE_TESTABILITY = YES;
				GCC_C_LANGUAGE_STANDARD = gnu99;
				GCC_DYNAMIC_NO_PIC = NO;
				GCC_OPTIMIZATION_LEVEL = 0;
				GCC_PREPROCESSOR_DEFINITIONS = (
					"DEBUG=1",
					"$(inherited)",
				);
				GCC_SYMBOLS_PRIVATE_EXTERN = NO;
				GCC_WARN_64_TO_32_BIT_CONVERSION = YES;
				GCC_WARN_ABOUT_RETURN_TYPE = YES_ERROR;
				GCC_WARN_UNDECLARED_SELECTOR = YES;
				GCC_WARN_UNINITIALIZED_AUTOS = YES_AGGRESSIVE;
				GCC_WARN_UNUSED_FUNCTION = YES;
				GCC_WARN_UNUSED_VARIABLE = YES;
				IPHONEOS_DEPLOYMENT_TARGET = 8.1;
				MTL_ENABLE_DEBUG_INFO = YES;
				ONLY_ACTIVE_ARCH = YES;
				SDKROOT = iphoneos;
			};
			name = Debug;
		};
		EFCC8C891AC8898200175FA5 /* Release */ = {
			isa = XCBuildConfiguration;
			buildSettings = {
				ALWAYS_SEARCH_USER_PATHS = NO;
				CLANG_CXX_LANGUAGE_STANDARD = "gnu++0x";
				CLANG_CXX_LIBRARY = "libc++";
				CLANG_ENABLE_MODULES = YES;
				CLANG_ENABLE_OBJC_ARC = YES;
				CLANG_WARN_BOOL_CONVERSION = YES;
				CLANG_WARN_CONSTANT_CONVERSION = YES;
				CLANG_WARN_DIRECT_OBJC_ISA_USAGE = YES_ERROR;
				CLANG_WARN_EMPTY_BODY = YES;
				CLANG_WARN_ENUM_CONVERSION = YES;
				CLANG_WARN_INT_CONVERSION = YES;
				CLANG_WARN_OBJC_ROOT_CLASS = YES_ERROR;
				CLANG_WARN_UNREACHABLE_CODE = YES;
				CLANG_WARN__DUPLICATE_METHOD_MATCH = YES;
				"CODE_SIGN_IDENTITY[sdk=iphoneos*]" = "iPhone Developer";
				COPY_PHASE_STRIP = YES;
				ENABLE_NS_ASSERTIONS = NO;
				ENABLE_STRICT_OBJC_MSGSEND = YES;
				GCC_C_LANGUAGE_STANDARD = gnu99;
				GCC_WARN_64_TO_32_BIT_CONVERSION = YES;
				GCC_WARN_ABOUT_RETURN_TYPE = YES_ERROR;
				GCC_WARN_UNDECLARED_SELECTOR = YES;
				GCC_WARN_UNINITIALIZED_AUTOS = YES_AGGRESSIVE;
				GCC_WARN_UNUSED_FUNCTION = YES;
				GCC_WARN_UNUSED_VARIABLE = YES;
				IPHONEOS_DEPLOYMENT_TARGET = 8.1;
				MTL_ENABLE_DEBUG_INFO = NO;
				SDKROOT = iphoneos;
				VALIDATE_PRODUCT = YES;
			};
			name = Release;
		};
		EFCC8C8B1AC8898200175FA5 /* Debug */ = {
			isa = XCBuildConfiguration;
			buildSettings = {
				ASSETCATALOG_COMPILER_APPICON_NAME = AppIcon;
				INFOPLIST_FILE = LightMusic/Info.plist;
				LD_RUNPATH_SEARCH_PATHS = "$(inherited) @executable_path/Frameworks";
				PRODUCT_BUNDLE_IDENTIFIER = "JSJ.$(PRODUCT_NAME:rfc1034identifier)";
				PRODUCT_NAME = "$(TARGET_NAME)";
			};
			name = Debug;
		};
		EFCC8C8C1AC8898200175FA5 /* Release */ = {
			isa = XCBuildConfiguration;
			buildSettings = {
				ASSETCATALOG_COMPILER_APPICON_NAME = AppIcon;
				INFOPLIST_FILE = LightMusic/Info.plist;
				LD_RUNPATH_SEARCH_PATHS = "$(inherited) @executable_path/Frameworks";
				PRODUCT_BUNDLE_IDENTIFIER = "JSJ.$(PRODUCT_NAME:rfc1034identifier)";
				PRODUCT_NAME = "$(TARGET_NAME)";
			};
			name = Release;
		};
		EFCC8C8E1AC8898200175FA5 /* Debug */ = {
			isa = XCBuildConfiguration;
			buildSettings = {
				BUNDLE_LOADER = "$(TEST_HOST)";
				FRAMEWORK_SEARCH_PATHS = (
					"$(SDKROOT)/Developer/Library/Frameworks",
					"$(inherited)",
				);
				GCC_PREPROCESSOR_DEFINITIONS = (
					"DEBUG=1",
					"$(inherited)",
				);
				INFOPLIST_FILE = LightMusicTests/Info.plist;
				LD_RUNPATH_SEARCH_PATHS = "$(inherited) @executable_path/Frameworks @loader_path/Frameworks";
				PRODUCT_BUNDLE_IDENTIFIER = "JSJ.$(PRODUCT_NAME:rfc1034identifier)";
				PRODUCT_NAME = "$(TARGET_NAME)";
				TEST_HOST = "$(BUILT_PRODUCTS_DIR)/LightMusic.app/LightMusic";
			};
			name = Debug;
		};
		EFCC8C8F1AC8898200175FA5 /* Release */ = {
			isa = XCBuildConfiguration;
			buildSettings = {
				BUNDLE_LOADER = "$(TEST_HOST)";
				FRAMEWORK_SEARCH_PATHS = (
					"$(SDKROOT)/Developer/Library/Frameworks",
					"$(inherited)",
				);
				INFOPLIST_FILE = LightMusicTests/Info.plist;
				LD_RUNPATH_SEARCH_PATHS = "$(inherited) @executable_path/Frameworks @loader_path/Frameworks";
				PRODUCT_BUNDLE_IDENTIFIER = "JSJ.$(PRODUCT_NAME:rfc1034identifier)";
				PRODUCT_NAME = "$(TARGET_NAME)";
				TEST_HOST = "$(BUILT_PRODUCTS_DIR)/LightMusic.app/LightMusic";
			};
			name = Release;
		};
/* End XCBuildConfiguration section */

/* Begin XCConfigurationList section */
		EFCC8C621AC8898100175FA5 /* Build configuration list for PBXProject "LightMusic" */ = {
			isa = XCConfigurationList;
			buildConfigurations = (
				EFCC8C881AC8898200175FA5 /* Debug */,
				EFCC8C891AC8898200175FA5 /* Release */,
			);
			defaultConfigurationIsVisible = 0;
			defaultConfigurationName = Release;
		};
		EFCC8C8A1AC8898200175FA5 /* Build configuration list for PBXNativeTarget "LightMusic" */ = {
			isa = XCConfigurationList;
			buildConfigurations = (
				EFCC8C8B1AC8898200175FA5 /* Debug */,
				EFCC8C8C1AC8898200175FA5 /* Release */,
			);
			defaultConfigurationIsVisible = 0;
			defaultConfigurationName = Release;
		};
		EFCC8C8D1AC8898200175FA5 /* Build configuration list for PBXNativeTarget "LightMusicTests" */ = {
			isa = XCConfigurationList;
			buildConfigurations = (
				EFCC8C8E1AC8898200175FA5 /* Debug */,
				EFCC8C8F1AC8898200175FA5 /* Release */,
			);
			defaultConfigurationIsVisible = 0;
			defaultConfigurationName = Release;
		};
/* End XCConfigurationList section */
	};
	rootObject = EFCC8C5F1AC8898100175FA5 /* Project object */;
}
